
Microsoft Visual Studio Solution File, Format Version 12.00
# Visual Studio Version 18
VisualStudioVersion = 18.1.11312.151
MinimumVisualStudioVersion = 10.0.40219.1
Project("{2150E333-8FDC-42A3-9474-1A3956D46DE8}") = "Libraries", "Libraries", "{89E26339-8F6A-492B-8DCC-77AE7B4643EA}"
EndProject
Project("{2150E333-8FDC-42A3-9474-1A3956D46DE8}") = "Servers", "Servers", "{A168341F-FAE3-4DE6-858E-1A0479986B90}"
EndProject
Project("{2150E333-8FDC-42A3-9474-1A3956D46DE8}") = "Common", "Common", "{FDF84DB5-1EE3-4A4D-A452-A941ED4B8F13}"
	ProjectSection(SolutionItems) = preProject
		common\auction_table.h = common\auction_table.h
		common\building.h = common\building.h
		common\cache.h = common\cache.h
		common\d3dtype.h = common\d3dtype.h
		common\item_length.h = common\item_length.h
		common\length.h = common\length.h
		common\pool.h = common\pool.h
		common\service.h = common\service.h
		common\singleton.h = common\singleton.h
		common\stl.h = common\stl.h
		common\tables.h = common\tables.h
		common\teen_packet.h = common\teen_packet.h
		common\utils.h = common\utils.h
		common\VnumHelper.h = common\VnumHelper.h
	EndProjectSection
EndProject
Project("{2150E333-8FDC-42A3-9474-1A3956D46DE8}") = "Utilities", "Utilities", "{12B8EA69-291D-48D9-9F47-DE82A4BD47A2}"
EndProject
Project("{2150E333-8FDC-42A3-9474-1A3956D46DE8}") = "Cores", "Cores", "{2BC50D5E-7B54-4762-A81C-8F55697BC32A}"
EndProject
Project("{8BC9CEB8-8B4A-11D0-8D11-00A0C91BC942}") = "liblua", "liblua\liblua.2008.vcxproj", "{EC666345-5F4E-4A4E-8C66-C7A6326F8235}"
EndProject
Project("{8BC9CEB8-8B4A-11D0-8D11-00A0C91BC942}") = "libsql", "libsql\libsql.2008.vcxproj", "{3967853D-4E19-4548-AC3A-F6012B78E384}"
EndProject
Project("{8BC9CEB8-8B4A-11D0-8D11-00A0C91BC942}") = "libgame", "libgame\libgame.2008.vcxproj", "{2AB4A5A4-3EAA-4486-B93C-38E8D39BF218}"
EndProject
Project("{8BC9CEB8-8B4A-11D0-8D11-00A0C91BC942}") = "libpoly", "libpoly\libpoly.2008.vcxproj", "{BD8E86DD-07BA-49B0-BF04-3282DA8377EB}"
EndProject
Project("{8BC9CEB8-8B4A-11D0-8D11-00A0C91BC942}") = "libthecore", "libthecore\libthecore.2008.vcxproj", "{5C8620C9-5D1F-419D-8267-48D2863C3D13}"
EndProject
Project("{8BC9CEB8-8B4A-11D0-8D11-00A0C91BC942}") = "game", "game\src\game.2008.vcxproj", "{146DE22F-4DD4-4E6F-B2FD-98AE163BEBBA}"
EndProject
Project("{8BC9CEB8-8B4A-11D0-8D11-00A0C91BC942}") = "db", "db\src\db.2008.vcxproj", "{ADC2E26A-C39B-4817-A24C-A99827B74EB2}"
EndProject
Project("{8BC9CEB8-8B4A-11D0-8D11-00A0C91BC942}") = "qc", "game\src\quest\qc.2008.vcxproj", "{3783243F-5E36-4B96-9A13-7BFF00F15B34}"
EndProject
Project("{8BC9CEB8-8B4A-11D0-8D11-00A0C91BC942}") = "channel1_core1", "channel1_core1\channel1_core1.vcxproj", "{1C473A92-333F-4D31-9874-06BCA1735B3E}"
EndProject
Project("{8BC9CEB8-8B4A-11D0-8D11-00A0C91BC942}") = "channel1_core2", "channel1_core2\channel1_core2.vcxproj", "{1DA78FB2-1AA7-4A8E-9E4E-95296646D450}"
EndProject
Project("{8BC9CEB8-8B4A-11D0-8D11-00A0C91BC942}") = "channel99", "channel99\channel99.vcxproj", "{CC5AC3BA-11EC-4369-B19B-FD435B9D9C9C}"
EndProject
Project("{8BC9CEB8-8B4A-11D0-8D11-00A0C91BC942}") = "auth", "auth\auth.vcxproj", "{2ED3F4F2-545C-4150-AA5A-E321908B1B10}"
EndProject
Project("{8BC9CEB8-8B4A-11D0-8D11-00A0C91BC942}") = "shared", "..\Lead-Shared-Source\Lead-Shared-Source.vcxproj", "{76C68FB7-46A0-464F-B0D2-EEDB6E2A450B}"
EndProject
Global
	GlobalSection(SolutionConfigurationPlatforms) = preSolution
		Debug|Win32 = Debug|Win32
	EndGlobalSection
	GlobalSection(ProjectConfigurationPlatforms) = postSolution
		{EC666345-5F4E-4A4E-8C66-C7A6326F8235}.Debug|Win32.ActiveCfg = Debug|Win32
		{EC666345-5F4E-4A4E-8C66-C7A6326F8235}.Debug|Win32.Build.0 = Debug|Win32
		{3967853D-4E19-4548-AC3A-F6012B78E384}.Debug|Win32.ActiveCfg = Debug|Win32
		{3967853D-4E19-4548-AC3A-F6012B78E384}.Debug|Win32.Build.0 = Debug|Win32
		{2AB4A5A4-3EAA-4486-B93C-38E8D39BF218}.Debug|Win32.ActiveCfg = Debug|Win32
		{2AB4A5A4-3EAA-4486-B93C-38E8D39BF218}.Debug|Win32.Build.0 = Debug|Win32
		{BD8E86DD-07BA-49B0-BF04-3282DA8377EB}.Debug|Win32.ActiveCfg = Debug|Win32
		{BD8E86DD-07BA-49B0-BF04-3282DA8377EB}.Debug|Win32.Build.0 = Debug|Win32
		{5C8620C9-5D1F-419D-8267-48D2863C3D13}.Debug|Win32.ActiveCfg = Debug|Win32
		{5C8620C9-5D1F-419D-8267-48D2863C3D13}.Debug|Win32.Build.0 = Debug|Win32
		{146DE22F-4DD4-4E6F-B2FD-98AE163BEBBA}.Debug|Win32.ActiveCfg = Debug|Win32
		{146DE22F-4DD4-4E6F-B2FD-98AE163BEBBA}.Debug|Win32.Build.0 = Debug|Win32
		{ADC2E26A-C39B-4817-A24C-A99827B74EB2}.Debug|Win32.ActiveCfg = Debug|Win32
		{ADC2E26A-C39B-4817-A24C-A99827B74EB2}.Debug|Win32.Build.0 = Debug|Win32
		{3783243F-5E36-4B96-9A13-7BFF00F15B34}.Debug|Win32.ActiveCfg = Debug|Win32
		{3783243F-5E36-4B96-9A13-7BFF00F15B34}.Debug|Win32.Build.0 = Debug|Win32
		{1C473A92-333F-4D31-9874-06BCA1735B3E}.Debug|Win32.ActiveCfg = Debug|Win32
		{1C473A92-333F-4D31-9874-06BCA1735B3E}.Debug|Win32.Build.0 = Debug|Win32
		{1DA78FB2-1AA7-4A8E-9E4E-95296646D450}.Debug|Win32.ActiveCfg = Debug|Win32
		{1DA78FB2-1AA7-4A8E-9E4E-95296646D450}.Debug|Win32.Build.0 = Debug|Win32
		{CC5AC3BA-11EC-4369-B19B-FD435B9D9C9C}.Debug|Win32.ActiveCfg = Debug|Win32
		{CC5AC3BA-11EC-4369-B19B-FD435B9D9C9C}.Debug|Win32.Build.0 = Debug|Win32
		{2ED3F4F2-545C-4150-AA5A-E321908B1B10}.Debug|Win32.ActiveCfg = Debug|Win32
		{2ED3F4F2-545C-4150-AA5A-E321908B1B10}.Debug|Win32.Build.0 = Debug|Win32
		{76C68FB7-46A0-464F-B0D2-EEDB6E2A450B}.Debug|Win32.ActiveCfg = Debug|Win32
		{76C68FB7-46A0-464F-B0D2-EEDB6E2A450B}.Debug|Win32.Build.0 = Debug|Win32
	EndGlobalSection
	GlobalSection(SolutionProperties) = preSolution
		HideSolutionNode = FALSE
	EndGlobalSection
	GlobalSection(NestedProjects) = preSolution
		{EC666345-5F4E-4A4E-8C66-C7A6326F8235} = {89E26339-8F6A-492B-8DCC-77AE7B4643EA}
		{3967853D-4E19-4548-AC3A-F6012B78E384} = {89E26339-8F6A-492B-8DCC-77AE7B4643EA}
		{2AB4A5A4-3EAA-4486-B93C-38E8D39BF218} = {89E26339-8F6A-492B-8DCC-77AE7B4643EA}
		{BD8E86DD-07BA-49B0-BF04-3282DA8377EB} = {89E26339-8F6A-492B-8DCC-77AE7B4643EA}
		{5C8620C9-5D1F-419D-8267-48D2863C3D13} = {89E26339-8F6A-492B-8DCC-77AE7B4643EA}
		{146DE22F-4DD4-4E6F-B2FD-98AE163BEBBA} = {A168341F-FAE3-4DE6-858E-1A0479986B90}
		{ADC2E26A-C39B-4817-A24C-A99827B74EB2} = {A168341F-FAE3-4DE6-858E-1A0479986B90}
		{3783243F-5E36-4B96-9A13-7BFF00F15B34} = {12B8EA69-291D-48D9-9F47-DE82A4BD47A2}
		{1C473A92-333F-4D31-9874-06BCA1735B3E} = {2BC50D5E-7B54-4762-A81C-8F55697BC32A}
		{1DA78FB2-1AA7-4A8E-9E4E-95296646D450} = {2BC50D5E-7B54-4762-A81C-8F55697BC32A}
		{CC5AC3BA-11EC-4369-B19B-FD435B9D9C9C} = {2BC50D5E-7B54-4762-A81C-8F55697BC32A}
		{2ED3F4F2-545C-4150-AA5A-E321908B1B10} = {2BC50D5E-7B54-4762-A81C-8F55697BC32A}
		{76C68FB7-46A0-464F-B0D2-EEDB6E2A450B} = {A168341F-FAE3-4DE6-858E-1A0479986B90}
	EndGlobalSection
	GlobalSection(ExtensibilityGlobals) = postSolution
		SolutionGuid = {A8F92E3E-882B-4664-9906-7D47D9E7CD10}
	EndGlobalSection
EndGlobal
