<?xml version="1.0" encoding="utf-8"?>
<Project ToolsVersion="4.0" xmlns="http://schemas.microsoft.com/developer/msbuild/2003">
  <ItemGroup>
    <ClCompile Include="AccountConnector.cpp" />
    <ClCompile Include="AffectFlagContainer.cpp" />
    <ClCompile Include="CameraProcedure.cpp" />
    <ClCompile Include="CheckLatestFiles.cpp" />
    <ClCompile Include="GameType.cpp" />
    <ClCompile Include="GuildMarkDownloader.cpp" />
    <ClCompile Include="GuildMarkUploader.cpp" />
    <ClCompile Include="InstanceBase.cpp" />
    <ClCompile Include="InstanceBaseBattle.cpp" />
    <ClCompile Include="InstanceBaseEffect.cpp" />
    <ClCompile Include="InstanceBaseEvent.cpp" />
    <ClCompile Include="InstanceBaseMotion.cpp" />
    <ClCompile Include="InstanceBaseMovement.cpp" />
    <ClCompile Include="InstanceBaseTransform.cpp" />
    <ClCompile Include="InsultChecker.cpp" />
    <ClCompile Include="Locale.cpp" />
    <ClCompile Include="MarkImage.cpp" />
    <ClCompile Include="MarkManager.cpp" />
    <ClCompile Include="MovieMan.cpp" />
    <ClCompile Include="NetworkActorManager.cpp" />
    <ClCompile Include="NProtectGameGuard.cpp" />
    <ClCompile Include="ProcessCRC.cpp" />
    <ClCompile Include="ProcessScanner.cpp" />
    <ClCompile Include="PythonApplication.cpp" />
    <ClCompile Include="PythonApplicationCamera.cpp" />
    <ClCompile Include="PythonApplicationCursor.cpp" />
    <ClCompile Include="PythonApplicationEvent.cpp" />
    <ClCompile Include="PythonApplicationLogo.cpp" />
    <ClCompile Include="PythonApplicationModule.cpp" />
    <ClCompile Include="PythonApplicationProcedure.cpp" />
    <ClCompile Include="PythonApplicationWebPage.cpp" />
    <ClCompile Include="PythonBackground.cpp" />
    <ClCompile Include="PythonBackgroundModule.cpp" />
    <ClCompile Include="PythonCharacterManager.cpp" />
    <ClCompile Include="PythonCharacterManagerModule.cpp" />
    <ClCompile Include="PythonCharacterModule.cpp" />
    <ClCompile Include="PythonChat.cpp" />
    <ClCompile Include="PythonChatModule.cpp" />
    <ClCompile Include="PythonEffectModule.cpp" />
    <ClCompile Include="PythonEventManager.cpp" />
    <ClCompile Include="PythonEventManagerMoudle.cpp" />
    <ClCompile Include="PythonExceptionSender.cpp" />
    <ClCompile Include="PythonExchange.cpp" />
    <ClCompile Include="PythonExchangeModule.cpp" />
    <ClCompile Include="PythonFlyModule.cpp" />
    <ClCompile Include="PythonGameEventManagerModule.cpp" />
    <ClCompile Include="PythonGuild.cpp" />
    <ClCompile Include="PythonIME.cpp" />
    <ClCompile Include="PythonIMEModule.cpp" />
    <ClCompile Include="PythonItem.cpp" />
    <ClCompile Include="PythonItemModule.cpp" />
    <ClCompile Include="PythonMessenger.cpp" />
    <ClCompile Include="PythonMiniMap.cpp" />
    <ClCompile Include="PythonMiniMapModule.cpp" />
    <ClCompile Include="PythonNetworkStream.cpp" />
    <ClCompile Include="PythonNetworkStreamCommand.cpp" />
    <ClCompile Include="PythonNetworkStreamEvent.cpp" />
    <ClCompile Include="PythonNetworkStreamModule.cpp" />
    <ClCompile Include="PythonNetworkStreamPhaseGame.cpp" />
    <ClCompile Include="PythonNetworkStreamPhaseGameActor.cpp" />
    <ClCompile Include="PythonNetworkStreamPhaseGameItem.cpp" />
    <ClCompile Include="PythonNetworkStreamPhaseHandShake.cpp" />
    <ClCompile Include="PythonNetworkStreamPhaseLoading.cpp" />
    <ClCompile Include="PythonNetworkStreamPhaseLogin.cpp" />
    <ClCompile Include="PythonNetworkStreamPhaseOffline.cpp" />
    <ClCompile Include="PythonNetworkStreamPhaseSelect.cpp" />
    <ClCompile Include="PythonNonPlayer.cpp" />
    <ClCompile Include="PythonNonPlayerModule.cpp" />
    <ClCompile Include="PythonPackModule.cpp" />
    <ClCompile Include="PythonPlayer.cpp" />
    <ClCompile Include="PythonPlayerEventHandler.cpp" />
    <ClCompile Include="PythonPlayerInput.cpp" />
    <ClCompile Include="PythonPlayerInputKeyboard.cpp" />
    <ClCompile Include="PythonPlayerInputMouse.cpp" />
    <ClCompile Include="PythonPlayerModule.cpp" />
    <ClCompile Include="PythonPlayerSkill.cpp" />
    <ClCompile Include="PythonProfilerModule.cpp" />
    <ClCompile Include="PythonQuest.cpp" />
    <ClCompile Include="PythonSafeBox.cpp" />
    <ClCompile Include="PythonShop.cpp" />
    <ClCompile Include="PythonSkill.cpp" />
    <ClCompile Include="PythonSoundManagerModule.cpp" />
    <ClCompile Include="PythonSystem.cpp" />
    <ClCompile Include="PythonSystemModule.cpp" />
    <ClCompile Include="PythonTextTail.cpp" />
    <ClCompile Include="PythonTextTailModule.cpp" />
    <ClCompile Include="ServerStateChecker.cpp" />
    <ClCompile Include="ServerStateCheckerModule.cpp" />
    <ClCompile Include="StdAfx.cpp" />
    <ClCompile Include="UserInterface.cpp" />
  </ItemGroup>
  <ItemGroup>
    <ClInclude Include="AbstractApplication.h" />
    <ClInclude Include="AbstractCharacterManager.h" />
    <ClInclude Include="AbstractChat.h" />
    <ClInclude Include="AbstractPlayer.h" />
    <ClInclude Include="AbstractSingleton.h" />
    <ClInclude Include="AccountConnector.h" />
    <ClInclude Include="AffectFlagContainer.h" />
    <ClInclude Include="CheckLatestFiles.h" />
    <ClInclude Include="CRC32_inc.h" />
    <ClInclude Include="GameType.h" />
    <ClInclude Include="GuildMarkDownloader.h" />
    <ClInclude Include="GuildMarkUploader.h" />
    <ClInclude Include="InstanceBase.h" />
    <ClInclude Include="InsultChecker.h" />
    <ClInclude Include="Locale.h" />
    <ClInclude Include="Locale_inc.h" />
    <ClInclude Include="Locale_inc_BR.h" />
    <ClInclude Include="Locale_inc_CA.h" />
    <ClInclude Include="Locale_inc_dev.h" />
    <ClInclude Include="Locale_inc_EU.h" />
    <ClInclude Include="Locale_inc_EU2.h" />
    <ClInclude Include="Locale_inc_GB.h" />
    <ClInclude Include="Locale_inc_HK.h" />
    <ClInclude Include="Locale_inc_JP.h" />
    <ClInclude Include="Locale_inc_KO.h" />
    <ClInclude Include="Locale_inc_KO_DEV.h" />
    <ClInclude Include="Locale_inc_SG.h" />
    <ClInclude Include="Locale_inc_VI.h" />
    <ClInclude Include="MarkImage.h" />
    <ClInclude Include="MarkManager.h" />
    <ClInclude Include="MovieMan.h" />
    <ClInclude Include="NetworkActorManager.h" />
    <ClInclude Include="NProtectGameGuard.h" />
    <ClInclude Include="Packet.h" />
    <ClInclude Include="ProcessCRC.h" />
    <ClInclude Include="ProcessScanner.h" />
    <ClInclude Include="PythonApplication.h" />
    <ClInclude Include="PythonBackground.h" />
    <ClInclude Include="PythonCharacterManager.h" />
    <ClInclude Include="PythonChat.h" />
    <ClInclude Include="PythonEventManager.h" />
    <ClInclude Include="PythonExceptionSender.h" />
    <ClInclude Include="PythonExchange.h" />
    <ClInclude Include="PythonGuild.h" />
    <ClInclude Include="PythonIME.h" />
    <ClInclude Include="PythonItem.h" />
    <ClInclude Include="PythonMessenger.h" />
    <ClInclude Include="PythonMiniMap.h" />
    <ClInclude Include="PythonNetworkStream.h" />
    <ClInclude Include="PythonNonPlayer.h" />
    <ClInclude Include="PythonPlayer.h" />
    <ClInclude Include="PythonPlayerEventHandler.h" />
    <ClInclude Include="PythonQuest.h" />
    <ClInclude Include="PythonSafeBox.h" />
    <ClInclude Include="PythonShop.h" />
    <ClInclude Include="PythonSkill.h" />
    <ClInclude Include="PythonSystem.h" />
    <ClInclude Include="PythonTextTail.h" />
    <ClInclude Include="resource.h" />
    <ClInclude Include="ServerStateChecker.h" />
    <ClInclude Include="StdAfx.h" />
    <ClInclude Include="Test.h" />
  </ItemGroup>
  <ItemGroup>
    <ResourceCompile Include="UserInterface.rc" />
  </ItemGroup>
  <ItemGroup>
    <Image Include="metin2.ico" />
  </ItemGroup>
  <ItemGroup>
    <None Include="..\bin\colorInfo.py" />
    <None Include="..\bin\consoleModule.py" />
    <None Include="..\bin\constInfo.py" />
    <None Include="..\bin\debugInfo.py" />
    <None Include="..\bin\exception.py" />
    <None Include="..\bin\game.py" />
    <None Include="..\bin\interfaceModule.py" />
    <None Include="..\bin\introCreate.py" />
    <None Include="..\bin\introEmpire.py" />
    <None Include="..\bin\introLoading.py" />
    <None Include="..\bin\introLogin.py" />
    <None Include="..\bin\introLogo.py" />
    <None Include="..\bin\introSelect.py" />
    <None Include="..\bin\locale.py" />
    <None Include="..\bin\mouseModule.py" />
    <None Include="..\bin\musicInfo.py" />
    <None Include="..\bin\networkModule.py" />
    <None Include="..\bin\playerSettingModule.py" />
    <None Include="..\bin\Prototype.py" />
    <None Include="..\bin\serverInfo.py" />
    <None Include="..\bin\system.py" />
    <None Include="..\bin\ui.py" />
    <None Include="..\bin\uiAffectShower.py" />
    <None Include="..\bin\uiAttachMetin.py" />
    <None Include="..\bin\uiCandidate.py" />
    <None Include="..\bin\uiCharacter.py" />
    <None Include="..\bin\uiChat.py" />
    <None Include="..\bin\uiCommon.py" />
    <None Include="..\bin\uiCube.py" />
    <None Include="..\bin\uiDragonSoul.py" />
    <None Include="..\bin\uiEx.py" />
    <None Include="..\bin\uiExchange.py" />
    <None Include="..\bin\uiGameButton.py" />
    <None Include="..\bin\uiGameOption.py" />
    <None Include="..\bin\uiGuild.py" />
    <None Include="..\bin\uiHelp.py" />
    <None Include="..\bin\uiInventory.py" />
    <None Include="..\bin\uiMapNameShower.py" />
    <None Include="..\bin\uiMessenger.py" />
    <None Include="..\bin\uiMiniMap.py" />
    <None Include="..\bin\uiOption.py" />
    <None Include="..\bin\uiParty.py" />
    <None Include="..\bin\uiPhaseCurtain.py" />
    <None Include="..\bin\uiPickMoney.py" />
    <None Include="..\bin\uiPlayerGauge.py" />
    <None Include="..\bin\uiPointReset.py" />
    <None Include="..\bin\uiPrivateShopBuilder.py" />
    <None Include="..\bin\uiQuest.py" />
    <None Include="..\bin\uiRefine.py" />
    <None Include="..\bin\uiRestart.py" />
    <None Include="..\bin\uiSafebox.py" />
    <None Include="..\bin\uiScriptLocale.py" />
    <None Include="..\bin\UIScript\936_LoginWindow.py" />
    <None Include="..\bin\UIScript\949_LoginWindow.py" />
    <None Include="..\bin\UIScript\AtlasWindow.py" />
    <None Include="..\bin\UIScript\AttachStoneDialog.py" />
    <None Include="..\bin\UIScript\AuctionWindow.py" />
    <None Include="..\bin\UIScript\AuctionWindow_ListPage.py" />
    <None Include="..\bin\UIScript\AuctionWindow_RegisterPage.py" />
    <None Include="..\bin\UIScript\AuctionWindow_UniqueAuctionPage.py" />
    <None Include="..\bin\UIScript\ChangeGradeNameDialog.py" />
    <None Include="..\bin\UIScript\ChangePasswordDialog.py" />
    <None Include="..\bin\UIScript\CharacterWindow.py" />
    <None Include="..\bin\UIScript\ConnectingDialog.py" />
    <None Include="..\bin\UIScript\CostumeWindow.py" />
    <None Include="..\bin\UIScript\CreateCharacterWindow.py" />
    <None Include="..\bin\UIScript\DragonSoulWindow.py" />
    <None Include="..\bin\UIScript\ExchangeDialog.py" />
    <None Include="..\bin\UIScript\FishingWindow.py" />
    <None Include="..\bin\UIScript\GameOptionDialog.py" />
    <None Include="..\bin\UIScript\GameWindow.py" />
    <None Include="..\bin\UIScript\GuildWindow.py" />
    <None Include="..\bin\UIScript\GuildWindow_BaseInfoPage.py" />
    <None Include="..\bin\UIScript\GuildWindow_BoardPage.py" />
    <None Include="..\bin\UIScript\GuildWindow_GradePage.py" />
    <None Include="..\bin\UIScript\GuildWindow_GuildInfoPage.py" />
    <None Include="..\bin\UIScript\GuildWindow_GuildSkillPage.py" />
    <None Include="..\bin\UIScript\GuildWindow_MemberPage.py" />
    <None Include="..\bin\UIScript\HelpWindow.py" />
    <None Include="..\bin\UIScript\IMEKOR.py" />
    <None Include="..\bin\UIScript\InputDialog.py" />
    <None Include="..\bin\UIScript\InputDialogWithDescription.py" />
    <None Include="..\bin\UIScript\InventoryWindow.py" />
    <None Include="..\bin\UIScript\LoadingWindow.py" />
    <None Include="..\bin\UIScript\MarkListWindow.py" />
    <None Include="..\bin\UIScript\MessengerWindow.py" />
    <None Include="..\bin\UIScript\MiniMap.py" />
    <None Include="..\bin\UIScript\MouseButtonWindow.py" />
    <None Include="..\bin\UIScript\PartyMemberInfoBoard.py" />
    <None Include="..\bin\UIScript\PasswordDialog.py" />
    <None Include="..\bin\UIScript\PickMoneyDialog.py" />
    <None Include="..\bin\UIScript\PopupDialog.py" />
    <None Include="..\bin\UIScript\PrivateShopBuilder.py" />
    <None Include="..\bin\UIScript\QuestDialog.py" />
    <None Include="..\bin\UIScript\QuestionDialog.py" />
    <None Include="..\bin\UIScript\QuestionDialog2.py" />
    <None Include="..\bin\UIScript\RefineDialog.py" />
    <None Include="..\bin\UIScript\RestartDialog.py" />
    <None Include="..\bin\UIScript\RightMouseButtonWindow.py" />
    <None Include="..\bin\UIScript\SafeboxWindow.py" />
    <None Include="..\bin\UIScript\SelectCharacterWindow.py" />
    <None Include="..\bin\UIScript\SelectEmpireWindow.py" />
    <None Include="..\bin\UIScript\ShopDialog.py" />
    <None Include="..\bin\UIScript\SkillPointResetDialog.py" />
    <None Include="..\bin\UIScript\SystemDialog.py" />
    <None Include="..\bin\UIScript\SystemDialog_ForPortal.py" />
    <None Include="..\bin\uiscript\SystemOptionDialog.py" />
    <None Include="..\bin\UIScript\TaskBar.py" />
    <None Include="..\bin\UIScript\WhisperDialog.py" />
    <None Include="..\bin\uiShop.py" />
    <None Include="..\bin\uiSystem.py" />
    <None Include="..\bin\uiSystemOption.py" />
    <None Include="..\bin\uiTarget.py" />
    <None Include="..\bin\uiTaskBar.py" />
    <None Include="..\bin\uiTest.py" />
    <None Include="..\bin\uiTip.py" />
    <None Include="..\bin\uiToolTip.py" />
    <None Include="..\bin\uiUploadMark.py" />
    <None Include="..\bin\uiWhisper.py" />
    <None Include="Cursors\cursor.cur" />
    <None Include="Cursors\cursor_attack.cur" />
    <None Include="Cursors\cursor_buy.cur" />
    <None Include="Cursors\cursor_camera_rotate.cur" />
    <None Include="Cursors\cursor_chair.cur" />
    <None Include="Cursors\cursor_door.cur" />
    <None Include="Cursors\cursor_hsize.cur" />
    <None Include="Cursors\cursor_hvsize.cur" />
    <None Include="Cursors\cursor_no.cur" />
    <None Include="Cursors\cursor_pick.cur" />
    <None Include="Cursors\cursor_sell.cur" />
    <None Include="Cursors\cursor_talk.cur" />
    <None Include="Cursors\cursor_vsize.cur" />
    <None Include="HISTORY" />
  </ItemGroup>
</Project>